
Microsoft Visual Studio Solution File, Format Version 12.00
# Visual Studio 15
Project("{FAE04EC0-301F-11D3-BF4B-00C04F79EFBC}") = "Assembly-CSharp", "Assembly-CSharp.csproj", "{BFBCB5E6-BB42-2490-A1FA-43ADDEEAEFC8}"
EndProject
Project("{FAE04EC0-301F-11D3-BF4B-00C04F79EFBC}") = "Unity.XR.Interaction.Toolkit.Samples.StarterAssets", "Unity.XR.Interaction.Toolkit.Samples.StarterAssets.csproj", "{C17891DD-3603-FA78-E57C-020FB621729F}"
EndProject
Project("{FAE04EC0-301F-11D3-BF4B-00C04F79EFBC}") = "Unity.XR.Interaction.Toolkit.Samples.DeviceSimulator", "Unity.XR.Interaction.Toolkit.Samples.DeviceSimulator.csproj", "{909C45E2-6CC3-D7C1-A91D-BCA89EAE8050}"
EndProject
Project("{FAE04EC0-301F-11D3-BF4B-00C04F79EFBC}") = "Unity.XR.Interaction.Toolkit.Samples.StarterAssets.Editor", "Unity.XR.Interaction.Toolkit.Samples.StarterAssets.Editor.csproj", "{F697DD55-9CE4-3984-5203-17D066CF0DF7}"
EndProject
Global
	GlobalSection(SolutionConfigurationPlatforms) = preSolution
		Debug|Any CPU = Debug|Any CPU
		Release|Any CPU = Release|Any CPU
	EndGlobalSection
	GlobalSection(ProjectConfigurationPlatforms) = postSolution
		{BFBCB5E6-BB42-2490-A1FA-43ADDEEAEFC8}.Debug|Any CPU.ActiveCfg = Debug|Any CPU
		{BFBCB5E6-BB42-2490-A1FA-43ADDEEAEFC8}.Debug|Any CPU.Build.0 = Debug|Any CPU
		{BFBCB5E6-BB42-2490-A1FA-43ADDEEAEFC8}.Release|Any CPU.ActiveCfg = Release|Any CPU
		{BFBCB5E6-BB42-2490-A1FA-43ADDEEAEFC8}.Release|Any CPU.Build.0 = Release|Any CPU
		{C17891DD-3603-FA78-E57C-020FB621729F}.Debug|Any CPU.ActiveCfg = Debug|Any CPU
		{C17891DD-3603-FA78-E57C-020FB621729F}.Debug|Any CPU.Build.0 = Debug|Any CPU
		{C17891DD-3603-FA78-E57C-020FB621729F}.Release|Any CPU.ActiveCfg = Release|Any CPU
		{C17891DD-3603-FA78-E57C-020FB621729F}.Release|Any CPU.Build.0 = Release|Any CPU
		{909C45E2-6CC3-D7C1-A91D-BCA89EAE8050}.Debug|Any CPU.ActiveCfg = Debug|Any CPU
		{909C45E2-6CC3-D7C1-A91D-BCA89EAE8050}.Debug|Any CPU.Build.0 = Debug|Any CPU
		{909C45E2-6CC3-D7C1-A91D-BCA89EAE8050}.Release|Any CPU.ActiveCfg = Release|Any CPU
		{909C45E2-6CC3-D7C1-A91D-BCA89EAE8050}.Release|Any CPU.Build.0 = Release|Any CPU
		{F697DD55-9CE4-3984-5203-17D066CF0DF7}.Debug|Any CPU.ActiveCfg = Debug|Any CPU
		{F697DD55-9CE4-3984-5203-17D066CF0DF7}.Debug|Any CPU.Build.0 = Debug|Any CPU
		{F697DD55-9CE4-3984-5203-17D066CF0DF7}.Release|Any CPU.ActiveCfg = Release|Any CPU
		{F697DD55-9CE4-3984-5203-17D066CF0DF7}.Release|Any CPU.Build.0 = Release|Any CPU
	EndGlobalSection
	GlobalSection(SolutionProperties) = preSolution
		HideSolutionNode = FALSE
	EndGlobalSection
EndGlobal
